{
  "name": "server",
  "lockfileVersion": 2,
  "requires": true,
  "packages": {
    "": {
      "dependencies": {
        "ws": "^7.5.8"
      }
    },
    "node_modules/ws": {
      "version": "7.5.8",
      "resolved": "https://registry.npmjs.org/ws/-/ws-7.5.8.tgz",
      "integrity": "sha512-ri1Id1WinAX5Jqn9HejiGb8crfRio0Qgu8+MtL36rlTA6RLsMdWt1Az/19A2Qij6uSHUMphEFaTKa4WG+UNHNw==",
      "engines": {
        "node": ">=8.3.0"
      },
      "peerDependencies": {
        "bufferutil": "^4.0.1",
        "utf-8-validate": "^5.0.2"
      },
      "peerDependenciesMeta": {
        "bufferutil": {
          "optional": true
        },
        "utf-8-validate": {
          "optional": true
        }
      }
    }
  },
  "dependencies": {
    "ws": {
      "version": "7.5.8",
      "resolved": "https://registry.npmjs.org/ws/-/ws-7.5.8.tgz",
      "integrity": "sha512-ri1Id1WinAX5Jqn9HejiGb8crfRio0Qgu8+MtL36rlTA6RLsMdWt1Az/19A2Qij6uSHUMphEFaTKa4WG+UNHNw==",
      "requires": {}
    }
  }
}
